
Microsoft Visual Studio Solution File, Format Version 12.00
# Visual Studio Version 16
VisualStudioVersion = 16.0.30611.23
MinimumVisualStudioVersion = 10.0.40219.1
Project("{FAE04EC0-301F-11D3-BF4B-00C04F79EFBC}") = "WpfSpreadsheetWithoutRibbon", "WpfSpreadsheetWithoutRibbon\WpfSpreadsheetWithoutRibbon.csproj", "{F21225A9-5024-4BB8-AF24-A53171AC628B}"
EndProject
Global
	GlobalSection(SolutionConfigurationPlatforms) = preSolution
		Debug|Any CPU = Debug|Any CPU
		Release|Any CPU = Release|Any CPU
	EndGlobalSection
	GlobalSection(ProjectConfigurationPlatforms) = postSolution
		{F21225A9-5024-4BB8-AF24-A53171AC628B}.Debug|Any CPU.ActiveCfg = Debug|Any CPU
		{F21225A9-5024-4BB8-AF24-A53171AC628B}.Debug|Any CPU.Build.0 = Debug|Any CPU
		{F21225A9-5024-4BB8-AF24-A53171AC628B}.Release|Any CPU.ActiveCfg = Release|Any CPU
		{F21225A9-5024-4BB8-AF24-A53171AC628B}.Release|Any CPU.Build.0 = Release|Any CPU
	EndGlobalSection
	GlobalSection(SolutionProperties) = preSolution
		HideSolutionNode = FALSE
	EndGlobalSection
	GlobalSection(ExtensibilityGlobals) = postSolution
		SolutionGuid = {8A47F15A-0B7D-45A4-A6C0-D413BDC3EFA5}
	EndGlobalSection
EndGlobal
