
Microsoft Visual Studio Solution File, Format Version 12.00
# Visual Studio Version 16
VisualStudioVersion = 16.0.30611.23
MinimumVisualStudioVersion = 10.0.40219.1
Project("{FAE04EC0-301F-11D3-BF4B-00C04F79EFBC}") = "WpfTelerikSpreadsheetWithRibbon", "WpfTelerikSpreadsheetWithRibbon\WpfTelerikSpreadsheetWithRibbon.csproj", "{773678F4-437F-4054-B991-8656E4FE825D}"
EndProject
Global
	GlobalSection(SolutionConfigurationPlatforms) = preSolution
		Debug|Any CPU = Debug|Any CPU
		Release|Any CPU = Release|Any CPU
	EndGlobalSection
	GlobalSection(ProjectConfigurationPlatforms) = postSolution
		{773678F4-437F-4054-B991-8656E4FE825D}.Debug|Any CPU.ActiveCfg = Debug|Any CPU
		{773678F4-437F-4054-B991-8656E4FE825D}.Debug|Any CPU.Build.0 = Debug|Any CPU
		{773678F4-437F-4054-B991-8656E4FE825D}.Release|Any CPU.ActiveCfg = Release|Any CPU
		{773678F4-437F-4054-B991-8656E4FE825D}.Release|Any CPU.Build.0 = Release|Any CPU
	EndGlobalSection
	GlobalSection(SolutionProperties) = preSolution
		HideSolutionNode = FALSE
	EndGlobalSection
	GlobalSection(ExtensibilityGlobals) = postSolution
		SolutionGuid = {58130A9B-A5A0-4FA6-85DD-095628C1548D}
	EndGlobalSection
EndGlobal
